// !$*UTF8*$!
{
	archiveVersion = 1;
	classes = {
	};
	objectVersion = 50;
	objects = {

/* Begin PBXBuildFile section */
		76C17959236D931C0019FCAF /* AppDelegate.swift in Sources */ = {isa = PBXBuildFile; fileRef = 76C17958236D931C0019FCAF /* AppDelegate.swift */; };
		76C1795B236D931C0019FCAF /* SceneDelegate.swift in Sources */ = {isa = PBXBuildFile; fileRef = 76C1795A236D931C0019FCAF /* SceneDelegate.swift */; };
		76C1795D236D931C0019FCAF /* ContentView.swift in Sources */ = {isa = PBXBuildFile; fileRef = 76C1795C236D931C0019FCAF /* ContentView.swift */; };
		76C1795F236D931E0019FCAF /* Assets.xcassets in Resources */ = {isa = PBXBuildFile; fileRef = 76C1795E236D931E0019FCAF /* Assets.xcassets */; };
		76C17962236D931E0019FCAF /* Preview Assets.xcassets in Resources */ = {isa = PBXBuildFile; fileRef = 76C17961236D931E0019FCAF /* Preview Assets.xcassets */; };
		76C17965236D931E0019FCAF /* LaunchScreen.storyboard in Resources */ = {isa = PBXBuildFile; fileRef = 76C17963236D931E0019FCAF /* LaunchScreen.storyboard */; };
		76C17970236D931E0019FCAF /* HockeyInfo_SwiftUITests.swift in Sources */ = {isa = PBXBuildFile; fileRef = 76C1796F236D931E0019FCAF /* HockeyInfo_SwiftUITests.swift */; };
		76C1797B236D931E0019FCAF /* HockeyInfo_SwiftUIUITests.swift in Sources */ = {isa = PBXBuildFile; fileRef = 76C1797A236D931E0019FCAF /* HockeyInfo_SwiftUIUITests.swift */; };
/* End PBXBuildFile section */

/* Begin PBXContainerItemProxy section */
		76C1796C236D931E0019FCAF /* PBXContainerItemProxy */ = {
			isa = PBXContainerItemProxy;
			containerPortal = 76C1794D236D931C0019FCAF /* Project object */;
			proxyType = 1;
			remoteGlobalIDString = 76C17954236D931C0019FCAF;
			remoteInfo = "HockeyInfo-SwiftUI";
		};
		76C17977236D931E0019FCAF /* PBXContainerItemProxy */ = {
			isa = PBXContainerItemProxy;
			containerPortal = 76C1794D236D931C0019FCAF /* Project object */;
			proxyType = 1;
			remoteGlobalIDString = 76C17954236D931C0019FCAF;
			remoteInfo = "HockeyInfo-SwiftUI";
		};
/* End PBXContainerItemProxy section */

/* Begin PBXFileReference section */
		76C17955236D931C0019FCAF /* HockeyInfo-SwiftUI.app */ = {isa = PBXFileReference; explicitFileType = wrapper.application; includeInIndex = 0; path = "HockeyInfo-SwiftUI.app"; sourceTree = BUILT_PRODUCTS_DIR; };
		76C17958236D931C0019FCAF /* AppDelegate.swift */ = {isa = PBXFileReference; lastKnownFileType = sourcecode.swift; path = AppDelegate.swift; sourceTree = "<group>"; };
		76C1795A236D931C0019FCAF /* SceneDelegate.swift */ = {isa = PBXFileReference; lastKnownFileType = sourcecode.swift; path = SceneDelegate.swift; sourceTree = "<group>"; };
		76C1795C236D931C0019FCAF /* ContentView.swift */ = {isa = PBXFileReference; lastKnownFileType = sourcecode.swift; path = ContentView.swift; sourceTree = "<group>"; };
		76C1795E236D931E0019FCAF /* Assets.xcassets */ = {isa = PBXFileReference; lastKnownFileType = folder.assetcatalog; path = Assets.xcassets; sourceTree = "<group>"; };
		76C17961236D931E0019FCAF /* Preview Assets.xcassets */ = {isa = PBXFileReference; lastKnownFileType = folder.assetcatalog; path = "Preview Assets.xcassets"; sourceTree = "<group>"; };
		76C17964236D931E0019FCAF /* Base */ = {isa = PBXFileReference; lastKnownFileType = file.storyboard; name = Base; path = Base.lproj/LaunchScreen.storyboard; sourceTree = "<group>"; };
		76C17966236D931E0019FCAF /* Info.plist */ = {isa = PBXFileReference; lastKnownFileType = text.plist.xml; path = Info.plist; sourceTree = "<group>"; };
		76C1796B236D931E0019FCAF /* HockeyInfo-SwiftUITests.xctest */ = {isa = PBXFileReference; explicitFileType = wrapper.cfbundle; includeInIndex = 0; path = "HockeyInfo-SwiftUITests.xctest"; sourceTree = BUILT_PRODUCTS_DIR; };
		76C1796F236D931E0019FCAF /* HockeyInfo_SwiftUITests.swift */ = {isa = PBXFileReference; lastKnownFileType = sourcecode.swift; path = HockeyInfo_SwiftUITests.swift; sourceTree = "<group>"; };
		76C17971236D931E0019FCAF /* Info.plist */ = {isa = PBXFileReference; lastKnownFileType = text.plist.xml; path = Info.plist; sourceTree = "<group>"; };
		76C17976236D931E0019FCAF /* HockeyInfo-SwiftUIUITests.xctest */ = {isa = PBXFileReference; explicitFileType = wrapper.cfbundle; includeInIndex = 0; path = "HockeyInfo-SwiftUIUITests.xctest"; sourceTree = BUILT_PRODUCTS_DIR; };
		76C1797A236D931E0019FCAF /* HockeyInfo_SwiftUIUITests.swift */ = {isa = PBXFileReference; lastKnownFileType = sourcecode.swift; path = HockeyInfo_SwiftUIUITests.swift; sourceTree = "<group>"; };
		76C1797C236D931E0019FCAF /* Info.plist */ = {isa = PBXFileReference; lastKnownFileType = text.plist.xml; path = Info.plist; sourceTree = "<group>"; };
/* End PBXFileReference section */

/* Begin PBXFrameworksBuildPhase section */
		76C17952236D931C0019FCAF /* Frameworks */ = {
			isa = PBXFrameworksBuildPhase;
			buildActionMask = 2147483647;
			files = (
			);
			runOnlyForDeploymentPostprocessing = 0;
		};
		76C17968236D931E0019FCAF /* Frameworks */ = {
			isa = PBXFrameworksBuildPhase;
			buildActionMask = 2147483647;
			files = (
			);
			runOnlyForDeploymentPostprocessing = 0;
		};
		76C17973236D931E0019FCAF /* Frameworks */ = {
			isa = PBXFrameworksBuildPhase;
			buildActionMask = 2147483647;
			files = (
			);
			runOnlyForDeploymentPostprocessing = 0;
		};
/* End PBXFrameworksBuildPhase section */

/* Begin PBXGroup section */
		76C1794C236D931C0019FCAF = {
			isa = PBXGroup;
			children = (
				76C17957236D931C0019FCAF /* HockeyInfo-SwiftUI */,
				76C1796E236D931E0019FCAF /* HockeyInfo-SwiftUITests */,
				76C17979236D931E0019FCAF /* HockeyInfo-SwiftUIUITests */,
				76C17956236D931C0019FCAF /* Products */,
			);
			sourceTree = "<group>";
		};
		76C17956236D931C0019FCAF /* Products */ = {
			isa = PBXGroup;
			children = (
				76C17955236D931C0019FCAF /* HockeyInfo-SwiftUI.app */,
				76C1796B236D931E0019FCAF /* HockeyInfo-SwiftUITests.xctest */,
				76C17976236D931E0019FCAF /* HockeyInfo-SwiftUIUITests.xctest */,
			);
			name = Products;
			sourceTree = "<group>";
		};
		76C17957236D931C0019FCAF /* HockeyInfo-SwiftUI */ = {
			isa = PBXGroup;
			children = (
				76C17958236D931C0019FCAF /* AppDelegate.swift */,
				76C1795A236D931C0019FCAF /* SceneDelegate.swift */,
				76C1795C236D931C0019FCAF /* ContentView.swift */,
				76C1795E236D931E0019FCAF /* Assets.xcassets */,
				76C17963236D931E0019FCAF /* LaunchScreen.storyboard */,
				76C17966236D931E0019FCAF /* Info.plist */,
				76C17960236D931E0019FCAF /* Preview Content */,
			);
			path = "HockeyInfo-SwiftUI";
			sourceTree = "<group>";
		};
		76C17960236D931E0019FCAF /* Preview Content */ = {
			isa = PBXGroup;
			children = (
				76C17961236D931E0019FCAF /* Preview Assets.xcassets */,
			);
			path = "Preview Content";
			sourceTree = "<group>";
		};
		76C1796E236D931E0019FCAF /* HockeyInfo-SwiftUITests */ = {
			isa = PBXGroup;
			children = (
				76C1796F236D931E0019FCAF /* HockeyInfo_SwiftUITests.swift */,
				76C17971236D931E0019FCAF /* Info.plist */,
			);
			path = "HockeyInfo-SwiftUITests";
			sourceTree = "<group>";
		};
		76C17979236D931E0019FCAF /* HockeyInfo-SwiftUIUITests */ = {
			isa = PBXGroup;
			children = (
				76C1797A236D931E0019FCAF /* HockeyInfo_SwiftUIUITests.swift */,
				76C1797C236D931E0019FCAF /* Info.plist */,
			);
			path = "HockeyInfo-SwiftUIUITests";
			sourceTree = "<group>";
		};
/* End PBXGroup section */

/* Begin PBXNativeTarget section */
		76C17954236D931C0019FCAF /* HockeyInfo-SwiftUI */ = {
			isa = PBXNativeTarget;
			buildConfigurationList = 76C1797F236D931E0019FCAF /* Build configuration list for PBXNativeTarget "HockeyInfo-SwiftUI" */;
			buildPhases = (
				76C17951236D931C0019FCAF /* Sources */,
				76C17952236D931C0019FCAF /* Frameworks */,
				76C17953236D931C0019FCAF /* Resources */,
			);
			buildRules = (
			);
			dependencies = (
			);
			name = "HockeyInfo-SwiftUI";
			productName = "HockeyInfo-SwiftUI";
			productReference = 76C17955236D931C0019FCAF /* HockeyInfo-SwiftUI.app */;
			productType = "com.apple.product-type.application";
		};
		76C1796A236D931E0019FCAF /* HockeyInfo-SwiftUITests */ = {
			isa = PBXNativeTarget;
			buildConfigurationList = 76C17982236D931E0019FCAF /* Build configuration list for PBXNativeTarget "HockeyInfo-SwiftUITests" */;
			buildPhases = (
				76C17967236D931E0019FCAF /* Sources */,
				76C17968236D931E0019FCAF /* Frameworks */,
				76C17969236D931E0019FCAF /* Resources */,
			);
			buildRules = (
			);
			dependencies = (
				76C1796D236D931E0019FCAF /* PBXTargetDependency */,
			);
			name = "HockeyInfo-SwiftUITests";
			productName = "HockeyInfo-SwiftUITests";
			productReference = 76C1796B236D931E0019FCAF /* HockeyInfo-SwiftUITests.xctest */;
			productType = "com.apple.product-type.bundle.unit-test";
		};
		76C17975236D931E0019FCAF /* HockeyInfo-SwiftUIUITests */ = {
			isa = PBXNativeTarget;
			buildConfigurationList = 76C17985236D931E0019FCAF /* Build configuration list for PBXNativeTarget "HockeyInfo-SwiftUIUITests" */;
			buildPhases = (
				76C17972236D931E0019FCAF /* Sources */,
				76C17973236D931E0019FCAF /* Frameworks */,
				76C17974236D931E0019FCAF /* Resources */,
			);
			buildRules = (
			);
			dependencies = (
				76C17978236D931E0019FCAF /* PBXTargetDependency */,
			);
			name = "HockeyInfo-SwiftUIUITests";
			productName = "HockeyInfo-SwiftUIUITests";
			productReference = 76C17976236D931E0019FCAF /* HockeyInfo-SwiftUIUITests.xctest */;
			productType = "com.apple.product-type.bundle.ui-testing";
		};
/* End PBXNativeTarget section */

/* Begin PBXProject section */
		76C1794D236D931C0019FCAF /* Project object */ = {
			isa = PBXProject;
			attributes = {
				LastSwiftUpdateCheck = 1120;
				LastUpgradeCheck = 1120;
				ORGANIZATIONNAME = "Larry Burris";
				TargetAttributes = {
					76C17954236D931C0019FCAF = {
						CreatedOnToolsVersion = 11.2;
					};
					76C1796A236D931E0019FCAF = {
						CreatedOnToolsVersion = 11.2;
						TestTargetID = 76C17954236D931C0019FCAF;
					};
					76C17975236D931E0019FCAF = {
						CreatedOnToolsVersion = 11.2;
						TestTargetID = 76C17954236D931C0019FCAF;
					};
				};
			};
			buildConfigurationList = 76C17950236D931C0019FCAF /* Build configuration list for PBXProject "HockeyInfo-SwiftUI" */;
			compatibilityVersion = "Xcode 9.3";
			developmentRegion = en;
			hasScannedForEncodings = 0;
			knownRegions = (
				en,
				Base,
			);
			mainGroup = 76C1794C236D931C0019FCAF;
			productRefGroup = 76C17956236D931C0019FCAF /* Products */;
			projectDirPath = "";
			projectRoot = "";
			targets = (
				76C17954236D931C0019FCAF /* HockeyInfo-SwiftUI */,
				76C1796A236D931E0019FCAF /* HockeyInfo-SwiftUITests */,
				76C17975236D931E0019FCAF /* HockeyInfo-SwiftUIUITests */,
			);
		};
/* End PBXProject section */

/* Begin PBXResourcesBuildPhase section */
		76C17953236D931C0019FCAF /* Resources */ = {
			isa = PBXResourcesBuildPhase;
			buildActionMask = 2147483647;
			files = (
				76C17965236D931E0019FCAF /* LaunchScreen.storyboard in Resources */,
				76C17962236D931E0019FCAF /* Preview Assets.xcassets in Resources */,
				76C1795F236D931E0019FCAF /* Assets.xcassets in Resources */,
			);
			runOnlyForDeploymentPostprocessing = 0;
		};
		76C17969236D931E0019FCAF /* Resources */ = {
			isa = PBXResourcesBuildPhase;
			buildActionMask = 2147483647;
			files = (
			);
			runOnlyForDeploymentPostprocessing = 0;
		};
		76C17974236D931E0019FCAF /* Resources */ = {
			isa = PBXResourcesBuildPhase;
			buildActionMask = 2147483647;
			files = (
			);
			runOnlyForDeploymentPostprocessing = 0;
		};
/* End PBXResourcesBuildPhase section */

/* Begin PBXSourcesBuildPhase section */
		76C17951236D931C0019FCAF /* Sources */ = {
			isa = PBXSourcesBuildPhase;
			buildActionMask = 2147483647;
			files = (
				76C17959236D931C0019FCAF /* AppDelegate.swift in Sources */,
				76C1795B236D931C0019FCAF /* SceneDelegate.swift in Sources */,
				76C1795D236D931C0019FCAF /* ContentView.swift in Sources */,
			);
			runOnlyForDeploymentPostprocessing = 0;
		};
		76C17967236D931E0019FCAF /* Sources */ = {
			isa = PBXSourcesBuildPhase;
			buildActionMask = 2147483647;
			files = (
				76C17970236D931E0019FCAF /* HockeyInfo_SwiftUITests.swift in Sources */,
			);
			runOnlyForDeploymentPostprocessing = 0;
		};
		76C17972236D931E0019FCAF /* Sources */ = {
			isa = PBXSourcesBuildPhase;
			buildActionMask = 2147483647;
			files = (
				76C1797B236D931E0019FCAF /* HockeyInfo_SwiftUIUITests.swift in Sources */,
			);
			runOnlyForDeploymentPostprocessing = 0;
		};
/* End PBXSourcesBuildPhase section */

/* Begin PBXTargetDependency section */
		76C1796D236D931E0019FCAF /* PBXTargetDependency */ = {
			isa = PBXTargetDependency;
			target = 76C17954236D931C0019FCAF /* HockeyInfo-SwiftUI */;
			targetProxy = 76C1796C236D931E0019FCAF /* PBXContainerItemProxy */;
		};
		76C17978236D931E0019FCAF /* PBXTargetDependency */ = {
			isa = PBXTargetDependency;
			target = 76C17954236D931C0019FCAF /* HockeyInfo-SwiftUI */;
			targetProxy = 76C17977236D931E0019FCAF /* PBXContainerItemProxy */;
		};
/* End PBXTargetDependency section */

/* Begin PBXVariantGroup section */
		76C17963236D931E0019FCAF /* LaunchScreen.storyboard */ = {
			isa = PBXVariantGroup;
			children = (
				76C17964236D931E0019FCAF /* Base */,
			);
			name = LaunchScreen.storyboard;
			sourceTree = "<group>";
		};
/* End PBXVariantGroup section */

/* Begin XCBuildConfiguration section */
		76C1797D236D931E0019FCAF /* Debug */ = {
			isa = XCBuildConfiguration;
			buildSettings = {
				ALWAYS_SEARCH_USER_PATHS = NO;
				CLANG_ANALYZER_NONNULL = YES;
				CLANG_ANALYZER_NUMBER_OBJECT_CONVERSION = YES_AGGRESSIVE;
				CLANG_CXX_LANGUAGE_STANDARD = "gnu++14";
				CLANG_CXX_LIBRARY = "libc++";
				CLANG_ENABLE_MODULES = YES;
				CLANG_ENABLE_OBJC_ARC = YES;
				CLANG_ENABLE_OBJC_WEAK = YES;
				CLANG_WARN_BLOCK_CAPTURE_AUTORELEASING = YES;
				CLANG_WARN_BOOL_CONVERSION = YES;
				CLANG_WARN_COMMA = YES;
				CLANG_WARN_CONSTANT_CONVERSION = YES;
				CLANG_WARN_DEPRECATED_OBJC_IMPLEMENTATIONS = YES;
				CLANG_WARN_DIRECT_OBJC_ISA_USAGE = YES_ERROR;
				CLANG_WARN_DOCUMENTATION_COMMENTS = YES;
				CLANG_WARN_EMPTY_BODY = YES;
				CLANG_WARN_ENUM_CONVERSION = YES;
				CLANG_WARN_INFINITE_RECURSION = YES;
				CLANG_WARN_INT_CONVERSION = YES;
				CLANG_WARN_NON_LITERAL_NULL_CONVERSION = YES;
				CLANG_WARN_OBJC_IMPLICIT_RETAIN_SELF = YES;
				CLANG_WARN_OBJC_LITERAL_CONVERSION = YES;
				CLANG_WARN_OBJC_ROOT_CLASS = YES_ERROR;
				CLANG_WARN_RANGE_LOOP_ANALYSIS = YES;
				CLANG_WARN_STRICT_PROTOTYPES = YES;
				CLANG_WARN_SUSPICIOUS_MOVE = YES;
				CLANG_WARN_UNGUARDED_AVAILABILITY = YES_AGGRESSIVE;
				CLANG_WARN_UNREACHABLE_CODE = YES;
				CLANG_WARN__DUPLICATE_METHOD_MATCH = YES;
				COPY_PHASE_STRIP = NO;
				DEBUG_INFORMATION_FORMAT = dwarf;
				ENABLE_STRICT_OBJC_MSGSEND = YES;
				ENABLE_TESTABILITY = YES;
				GCC_C_LANGUAGE_STANDARD = gnu11;
				GCC_DYNAMIC_NO_PIC = NO;
				GCC_NO_COMMON_BLOCKS = YES;
				GCC_OPTIMIZATION_LEVEL = 0;
				GCC_PREPROCESSOR_DEFINITIONS = (
					"DEBUG=1",
					"$(inherited)",
				);
				GCC_WARN_64_TO_32_BIT_CONVERSION = YES;
				GCC_WARN_ABOUT_RETURN_TYPE = YES_ERROR;
				GCC_WARN_UNDECLARED_SELECTOR = YES;
				GCC_WARN_UNINITIALIZED_AUTOS = YES_AGGRESSIVE;
				GCC_WARN_UNUSED_FUNCTION = YES;
				GCC_WARN_UNUSED_VARIABLE = YES;
				IPHONEOS_DEPLOYMENT_TARGET = 13.2;
				MTL_ENABLE_DEBUG_INFO = INCLUDE_SOURCE;
				MTL_FAST_MATH = YES;
				ONLY_ACTIVE_ARCH = YES;
				SDKROOT = iphoneos;
				SWIFT_ACTIVE_COMPILATION_CONDITIONS = DEBUG;
				SWIFT_OPTIMIZATION_LEVEL = "-Onone";
			};
			name = Debug;
		};
		76C1797E236D931E0019FCAF /* Release */ = {
			isa = XCBuildConfiguration;
			buildSettings = {
				ALWAYS_SEARCH_USER_PATHS = NO;
				CLANG_ANALYZER_NONNULL = YES;
				CLANG_ANALYZER_NUMBER_OBJECT_CONVERSION = YES_AGGRESSIVE;
				CLANG_CXX_LANGUAGE_STANDARD = "gnu++14";
				CLANG_CXX_LIBRARY = "libc++";
				CLANG_ENABLE_MODULES = YES;
				CLANG_ENABLE_OBJC_ARC = YES;
				CLANG_ENABLE_OBJC_WEAK = YES;
				CLANG_WARN_BLOCK_CAPTURE_AUTORELEASING = YES;
				CLANG_WARN_BOOL_CONVERSION = YES;
				CLANG_WARN_COMMA = YES;
				CLANG_WARN_CONSTANT_CONVERSION = YES;
				CLANG_WARN_DEPRECATED_OBJC_IMPLEMENTATIONS = YES;
				CLANG_WARN_DIRECT_OBJC_ISA_USAGE = YES_ERROR;
				CLANG_WARN_DOCUMENTATION_COMMENTS = YES;
				CLANG_WARN_EMPTY_BODY = YES;
				CLANG_WARN_ENUM_CONVERSION = YES;
				CLANG_WARN_INFINITE_RECURSION = YES;
				CLANG_WARN_INT_CONVERSION = YES;
				CLANG_WARN_NON_LITERAL_NULL_CONVERSION = YES;
				CLANG_WARN_OBJC_IMPLICIT_RETAIN_SELF = YES;
				CLANG_WARN_OBJC_LITERAL_CONVERSION = YES;
				CLANG_WARN_OBJC_ROOT_CLASS = YES_ERROR;
				CLANG_WARN_RANGE_LOOP_ANALYSIS = YES;
				CLANG_WARN_STRICT_PROTOTYPES = YES;
				CLANG_WARN_SUSPICIOUS_MOVE = YES;
				CLANG_WARN_UNGUARDED_AVAILABILITY = YES_AGGRESSIVE;
				CLANG_WARN_UNREACHABLE_CODE = YES;
				CLANG_WARN__DUPLICATE_METHOD_MATCH = YES;
				COPY_PHASE_STRIP = NO;
				DEBUG_INFORMATION_FORMAT = "dwarf-with-dsym";
				ENABLE_NS_ASSERTIONS = NO;
				ENABLE_STRICT_OBJC_MSGSEND = YES;
				GCC_C_LANGUAGE_STANDARD = gnu11;
				GCC_NO_COMMON_BLOCKS = YES;
				GCC_WARN_64_TO_32_BIT_CONVERSION = YES;
				GCC_WARN_ABOUT_RETURN_TYPE = YES_ERROR;
				GCC_WARN_UNDECLARED_SELECTOR = YES;
				GCC_WARN_UNINITIALIZED_AUTOS = YES_AGGRESSIVE;
				GCC_WARN_UNUSED_FUNCTION = YES;
				GCC_WARN_UNUSED_VARIABLE = YES;
				IPHONEOS_DEPLOYMENT_TARGET = 13.2;
				MTL_ENABLE_DEBUG_INFO = NO;
				MTL_FAST_MATH = YES;
				SDKROOT = iphoneos;
				SWIFT_COMPILATION_MODE = wholemodule;
				SWIFT_OPTIMIZATION_LEVEL = "-O";
				VALIDATE_PRODUCT = YES;
			};
			name = Release;
		};
		76C17980236D931E0019FCAF /* Debug */ = {
			isa = XCBuildConfiguration;
			buildSettings = {
				ASSETCATALOG_COMPILER_APPICON_NAME = AppIcon;
				CODE_SIGN_STYLE = Automatic;
				DEVELOPMENT_ASSET_PATHS = "\"HockeyInfo-SwiftUI/Preview Content\"";
				DEVELOPMENT_TEAM = C37927XKUL;
				ENABLE_PREVIEWS = YES;
				INFOPLIST_FILE = "HockeyInfo-SwiftUI/Info.plist";
				LD_RUNPATH_SEARCH_PATHS = (
					"$(inherited)",
					"@executable_path/Frameworks",
				);
				PRODUCT_BUNDLE_IDENTIFIER = "com.larry.burris.HockeyInfo-SwiftUI";
				PRODUCT_NAME = "$(TARGET_NAME)";
				SWIFT_VERSION = 5.0;
				TARGETED_DEVICE_FAMILY = "1,2";
			};
			name = Debug;
		};
		76C17981236D931E0019FCAF /* Release */ = {
			isa = XCBuildConfiguration;
			buildSettings = {
				ASSETCATALOG_COMPILER_APPICON_NAME = AppIcon;
				CODE_SIGN_STYLE = Automatic;
				DEVELOPMENT_ASSET_PATHS = "\"HockeyInfo-SwiftUI/Preview Content\"";
				DEVELOPMENT_TEAM = C37927XKUL;
				ENABLE_PREVIEWS = YES;
				INFOPLIST_FILE = "HockeyInfo-SwiftUI/Info.plist";
				LD_RUNPATH_SEARCH_PATHS = (
					"$(inherited)",
					"@executable_path/Frameworks",
				);
				PRODUCT_BUNDLE_IDENTIFIER = "com.larry.burris.HockeyInfo-SwiftUI";
				PRODUCT_NAME = "$(TARGET_NAME)";
				SWIFT_VERSION = 5.0;
				TARGETED_DEVICE_FAMILY = "1,2";
			};
			name = Release;
		};
		76C17983236D931E0019FCAF /* Debug */ = {
			isa = XCBuildConfiguration;
			buildSettings = {
				ALWAYS_EMBED_SWIFT_STANDARD_LIBRARIES = YES;
				BUNDLE_LOADER = "$(TEST_HOST)";
				CODE_SIGN_STYLE = Automatic;
				DEVELOPMENT_TEAM = C37927XKUL;
				INFOPLIST_FILE = "HockeyInfo-SwiftUITests/Info.plist";
				IPHONEOS_DEPLOYMENT_TARGET = 13.2;
				LD_RUNPATH_SEARCH_PATHS = (
					"$(inherited)",
					"@executable_path/Frameworks",
					"@loader_path/Frameworks",
				);
				PRODUCT_BUNDLE_IDENTIFIER = "com.larry.burris.HockeyInfo-SwiftUITests";
				PRODUCT_NAME = "$(TARGET_NAME)";
				SWIFT_VERSION = 5.0;
				TARGETED_DEVICE_FAMILY = "1,2";
				TEST_HOST = "$(BUILT_PRODUCTS_DIR)/HockeyInfo-SwiftUI.app/HockeyInfo-SwiftUI";
			};
			name = Debug;
		};
		76C17984236D931E0019FCAF /* Release */ = {
			isa = XCBuildConfiguration;
			buildSettings = {
				ALWAYS_EMBED_SWIFT_STANDARD_LIBRARIES = YES;
				BUNDLE_LOADER = "$(TEST_HOST)";
				CODE_SIGN_STYLE = Automatic;
				DEVELOPMENT_TEAM = C37927XKUL;
				INFOPLIST_FILE = "HockeyInfo-SwiftUITests/Info.plist";
				IPHONEOS_DEPLOYMENT_TARGET = 13.2;
				LD_RUNPATH_SEARCH_PATHS = (
					"$(inherited)",
					"@executable_path/Frameworks",
					"@loader_path/Frameworks",
				);
				PRODUCT_BUNDLE_IDENTIFIER = "com.larry.burris.HockeyInfo-SwiftUITests";
				PRODUCT_NAME = "$(TARGET_NAME)";
				SWIFT_VERSION = 5.0;
				TARGETED_DEVICE_FAMILY = "1,2";
				TEST_HOST = "$(BUILT_PRODUCTS_DIR)/HockeyInfo-SwiftUI.app/HockeyInfo-SwiftUI";
			};
			name = Release;
		};
		76C17986236D931E0019FCAF /* Debug */ = {
			isa = XCBuildConfiguration;
			buildSettings = {
				ALWAYS_EMBED_SWIFT_STANDARD_LIBRARIES = YES;
				CODE_SIGN_STYLE = Automatic;
				DEVELOPMENT_TEAM = C37927XKUL;
				INFOPLIST_FILE = "HockeyInfo-SwiftUIUITests/Info.plist";
				LD_RUNPATH_SEARCH_PATHS = (
					"$(inherited)",
					"@executable_path/Frameworks",
					"@loader_path/Frameworks",
				);
				PRODUCT_BUNDLE_IDENTIFIER = "com.larry.burris.HockeyInfo-SwiftUIUITests";
				PRODUCT_NAME = "$(TARGET_NAME)";
				SWIFT_VERSION = 5.0;
				TARGETED_DEVICE_FAMILY = "1,2";
				TEST_TARGET_NAME = "HockeyInfo-SwiftUI";
			};
			name = Debug;
		};
		76C17987236D931E0019FCAF /* Release */ = {
			isa = XCBuildConfiguration;
			buildSettings = {
				ALWAYS_EMBED_SWIFT_STANDARD_LIBRARIES = YES;
				CODE_SIGN_STYLE = Automatic;
				DEVELOPMENT_TEAM = C37927XKUL;
				INFOPLIST_FILE = "HockeyInfo-SwiftUIUITests/Info.plist";
				LD_RUNPATH_SEARCH_PATHS = (
					"$(inherited)",
					"@executable_path/Frameworks",
					"@loader_path/Frameworks",
				);
				PRODUCT_BUNDLE_IDENTIFIER = "com.larry.burris.HockeyInfo-SwiftUIUITests";
				PRODUCT_NAME = "$(TARGET_NAME)";
				SWIFT_VERSION = 5.0;
				TARGETED_DEVICE_FAMILY = "1,2";
				TEST_TARGET_NAME = "HockeyInfo-SwiftUI";
			};
			name = Release;
		};
/* End XCBuildConfiguration section */

/* Begin XCConfigurationList section */
		76C17950236D931C0019FCAF /* Build configuration list for PBXProject "HockeyInfo-SwiftUI" */ = {
			isa = XCConfigurationList;
			buildConfigurations = (
				76C1797D236D931E0019FCAF /* Debug */,
				76C1797E236D931E0019FCAF /* Release */,
			);
			defaultConfigurationIsVisible = 0;
			defaultConfigurationName = Release;
		};
		76C1797F236D931E0019FCAF /* Build configuration list for PBXNativeTarget "HockeyInfo-SwiftUI" */ = {
			isa = XCConfigurationList;
			buildConfigurations = (
				76C17980236D931E0019FCAF /* Debug */,
				76C17981236D931E0019FCAF /* Release */,
			);
			defaultConfigurationIsVisible = 0;
			defaultConfigurationName = Release;
		};
		76C17982236D931E0019FCAF /* Build configuration list for PBXNativeTarget "HockeyInfo-SwiftUITests" */ = {
			isa = XCConfigurationList;
			buildConfigurations = (
				76C17983236D931E0019FCAF /* Debug */,
				76C17984236D931E0019FCAF /* Release */,
			);
			defaultConfigurationIsVisible = 0;
			defaultConfigurationName = Release;
		};
		76C17985236D931E0019FCAF /* Build configuration list for PBXNativeTarget "HockeyInfo-SwiftUIUITests" */ = {
			isa = XCConfigurationList;
			buildConfigurations = (
				76C17986236D931E0019FCAF /* Debug */,
				76C17987236D931E0019FCAF /* Release */,
			);
			defaultConfigurationIsVisible = 0;
			defaultConfigurationName = Release;
		};
/* End XCConfigurationList section */
	};
	rootObject = 76C1794D236D931C0019FCAF /* Project object */;
}
